
Microsoft Visual Studio Solution File, Format Version 12.00
# Visual Studio Version 17
VisualStudioVersion = 17.2.32630.192
MinimumVisualStudioVersion = 10.0.40219.1
Project("{9A19103F-16F7-4668-BE54-9A1E7A4F7556}") = "Tracer.Core", "Tracer.Core\Tracer.Core.csproj", "{D0F61F6B-ABE3-44A3-98F4-33FD394B4943}"
EndProject
Project("{9A19103F-16F7-4668-BE54-9A1E7A4F7556}") = "Tracer.Serialization.Abstractions", "Tracer.Serialization.Abstractions\Tracer.Serialization.Abstractions.csproj", "{A694923E-5D99-495C-B32A-19A53FBDCD77}"
EndProject
Project("{9A19103F-16F7-4668-BE54-9A1E7A4F7556}") = "Tracer.Example", "Tracer.Example\Tracer.Example.csproj", "{4607DB9E-CA40-4A9C-970B-4CDC9544EFFA}"
EndProject
Project("{FAE04EC0-301F-11D3-BF4B-00C04F79EFBC}") = "Tracer.Core.Tests", "Tracer.Core.Tests\Tracer.Core.Tests.csproj", "{2B2C0D4B-31E8-4492-91BA-9A5255E80BB7}"
EndProject
Global
	GlobalSection(SolutionConfigurationPlatforms) = preSolution
		Debug|Any CPU = Debug|Any CPU
		Release|Any CPU = Release|Any CPU
	EndGlobalSection
	GlobalSection(ProjectConfigurationPlatforms) = postSolution
		{D0F61F6B-ABE3-44A3-98F4-33FD394B4943}.Debug|Any CPU.ActiveCfg = Debug|Any CPU
		{D0F61F6B-ABE3-44A3-98F4-33FD394B4943}.Debug|Any CPU.Build.0 = Debug|Any CPU
		{D0F61F6B-ABE3-44A3-98F4-33FD394B4943}.Release|Any CPU.ActiveCfg = Release|Any CPU
		{D0F61F6B-ABE3-44A3-98F4-33FD394B4943}.Release|Any CPU.Build.0 = Release|Any CPU
		{A694923E-5D99-495C-B32A-19A53FBDCD77}.Debug|Any CPU.ActiveCfg = Debug|Any CPU
		{A694923E-5D99-495C-B32A-19A53FBDCD77}.Debug|Any CPU.Build.0 = Debug|Any CPU
		{A694923E-5D99-495C-B32A-19A53FBDCD77}.Release|Any CPU.ActiveCfg = Release|Any CPU
		{A694923E-5D99-495C-B32A-19A53FBDCD77}.Release|Any CPU.Build.0 = Release|Any CPU
		{4607DB9E-CA40-4A9C-970B-4CDC9544EFFA}.Debug|Any CPU.ActiveCfg = Debug|Any CPU
		{4607DB9E-CA40-4A9C-970B-4CDC9544EFFA}.Debug|Any CPU.Build.0 = Debug|Any CPU
		{4607DB9E-CA40-4A9C-970B-4CDC9544EFFA}.Release|Any CPU.ActiveCfg = Release|Any CPU
		{4607DB9E-CA40-4A9C-970B-4CDC9544EFFA}.Release|Any CPU.Build.0 = Release|Any CPU
		{2B2C0D4B-31E8-4492-91BA-9A5255E80BB7}.Debug|Any CPU.ActiveCfg = Debug|Any CPU
		{2B2C0D4B-31E8-4492-91BA-9A5255E80BB7}.Debug|Any CPU.Build.0 = Debug|Any CPU
		{2B2C0D4B-31E8-4492-91BA-9A5255E80BB7}.Release|Any CPU.ActiveCfg = Release|Any CPU
		{2B2C0D4B-31E8-4492-91BA-9A5255E80BB7}.Release|Any CPU.Build.0 = Release|Any CPU
	EndGlobalSection
	GlobalSection(SolutionProperties) = preSolution
		HideSolutionNode = FALSE
	EndGlobalSection
	GlobalSection(ExtensibilityGlobals) = postSolution
		SolutionGuid = {7E7DAFA1-3304-4294-AF57-458A26E1C474}
	EndGlobalSection
EndGlobal
